
Microsoft Visual Studio Solution File, Format Version 12.00
# Visual Studio Version 17
VisualStudioVersion = 17.8.34511.84
MinimumVisualStudioVersion = 10.0.40219.1
Project("{8BC9CEB8-8B4A-11D0-8D11-00A0C91BC942}") = "BusManager", "BusManager\BusManager.vcxproj", "{8173202F-EE70-4DB3-8876-DB316E25E44A}"
EndProject
Global
	GlobalSection(SolutionConfigurationPlatforms) = preSolution
		Debug|x64 = Debug|x64
		Debug|x86 = Debug|x86
		Release|x64 = Release|x64
		Release|x86 = Release|x86
	EndGlobalSection
	GlobalSection(ProjectConfigurationPlatforms) = postSolution
		{8173202F-EE70-4DB3-8876-DB316E25E44A}.Debug|x64.ActiveCfg = Debug|x64
		{8173202F-EE70-4DB3-8876-DB316E25E44A}.Debug|x64.Build.0 = Debug|x64
		{8173202F-EE70-4DB3-8876-DB316E25E44A}.Debug|x86.ActiveCfg = Debug|Win32
		{8173202F-EE70-4DB3-8876-DB316E25E44A}.Debug|x86.Build.0 = Debug|Win32
		{8173202F-EE70-4DB3-8876-DB316E25E44A}.Release|x64.ActiveCfg = Release|x64
		{8173202F-EE70-4DB3-8876-DB316E25E44A}.Release|x64.Build.0 = Release|x64
		{8173202F-EE70-4DB3-8876-DB316E25E44A}.Release|x86.ActiveCfg = Release|Win32
		{8173202F-EE70-4DB3-8876-DB316E25E44A}.Release|x86.Build.0 = Release|Win32
	EndGlobalSection
	GlobalSection(SolutionProperties) = preSolution
		HideSolutionNode = FALSE
	EndGlobalSection
	GlobalSection(ExtensibilityGlobals) = postSolution
		SolutionGuid = {B80B0C01-B478-4618-8AD4-DEC05B181D58}
	EndGlobalSection
EndGlobal
