<?xml version="1.0" encoding="utf-8"?>
<Project ToolsVersion="4.0" xmlns="http://schemas.microsoft.com/developer/msbuild/2003">
  <ItemGroup>
    <Filter Include="Исходные файлы">
      <UniqueIdentifier>{4FC737F1-C7A5-4376-A066-2A32D752A2FF}</UniqueIdentifier>
      <Extensions>cpp;c;cc;cxx;c++;cppm;ixx;def;odl;idl;hpj;bat;asm;asmx</Extensions>
    </Filter>
    <Filter Include="Файлы заголовков">
      <UniqueIdentifier>{93995380-89BD-4b04-88EB-625FBE52EBFB}</UniqueIdentifier>
      <Extensions>h;hh;hpp;hxx;h++;hm;inl;inc;ipp;xsd</Extensions>
    </Filter>
    <Filter Include="Файлы заголовков\repos">
      <UniqueIdentifier>{79549dee-8ba7-43cc-bf24-1bc4732a7b26}</UniqueIdentifier>
    </Filter>
    <Filter Include="Исходные файлы\repos">
      <UniqueIdentifier>{1290c10e-61c6-445e-9313-836ea3668ec6}</UniqueIdentifier>
    </Filter>
    <Filter Include="Исходные файлы\models">
      <UniqueIdentifier>{61306202-b7fd-4cdf-b0cc-5530e972a9ee}</UniqueIdentifier>
    </Filter>
    <Filter Include="Файлы заголовков\models">
      <UniqueIdentifier>{4a543d37-e647-4a9d-9672-6676d6ee119c}</UniqueIdentifier>
    </Filter>
    <Filter Include="Файлы заголовков\utils">
      <UniqueIdentifier>{d6eae467-645c-429b-8c86-c0bde05013fd}</UniqueIdentifier>
    </Filter>
    <Filter Include="Исходные файлы\utils">
      <UniqueIdentifier>{cef00fc5-7a27-4098-8003-b6d5bb955607}</UniqueIdentifier>
    </Filter>
    <Filter Include="Файлы заголовков\list">
      <UniqueIdentifier>{3ca69b52-1bba-4692-aa4e-c0950ffeb5e9}</UniqueIdentifier>
    </Filter>
    <Filter Include="Исходные файлы\list">
      <UniqueIdentifier>{81d22ae7-de29-47aa-adfc-9db814197c47}</UniqueIdentifier>
    </Filter>
    <Filter Include="Файлы ресурсов">
      <UniqueIdentifier>{67DA6AB6-F800-4c08-8B7A-83BB121AAD01}</UniqueIdentifier>
      <Extensions>rc;ico;cur;bmp;dlg;rc2;rct;bin;rgs;gif;jpg;jpeg;jpe;resx;tiff;tif;png;wav;mfcribbon-ms</Extensions>
    </Filter>
    <Filter Include="Файлы заголовков\logic">
      <UniqueIdentifier>{be274c52-6aaf-4126-8d8d-47e0aaf6c324}</UniqueIdentifier>
    </Filter>
    <Filter Include="Исходные файлы\logic">
      <UniqueIdentifier>{804db90f-93ae-4811-a398-7a02878d848e}</UniqueIdentifier>
    </Filter>
    <Filter Include="Исходные файлы\ui">
      <UniqueIdentifier>{e7a077e5-35df-4a87-ba0c-36d538d1511e}</UniqueIdentifier>
    </Filter>
    <Filter Include="Файлы заголовков\ui">
      <UniqueIdentifier>{e286dc3e-daec-4c1f-90b0-17ab69dd9e72}</UniqueIdentifier>
    </Filter>
  </ItemGroup>
  <ItemGroup>
    <ClCompile Include="BusManager.cpp">
      <Filter>Исходные файлы</Filter>
    </ClCompile>
    <ClCompile Include="DrivingBusRepo.cpp">
      <Filter>Исходные файлы\repos</Filter>
    </ClCompile>
    <ClCompile Include="StateBusRepo.cpp">
      <Filter>Исходные файлы\repos</Filter>
    </ClCompile>
    <ClCompile Include="BusModel.cpp">
      <Filter>Исходные файлы\models</Filter>
    </ClCompile>
    <ClCompile Include="Utils.cpp">
      <Filter>Исходные файлы\utils</Filter>
    </ClCompile>
    <ClCompile Include="BusList.cpp">
      <Filter>Исходные файлы\list</Filter>
    </ClCompile>
    <ClCompile Include="Manager.cpp">
      <Filter>Исходные файлы\logic</Filter>
    </ClCompile>
    <ClCompile Include="TextInput.cpp">
      <Filter>Исходные файлы\ui</Filter>
    </ClCompile>
    <ClCompile Include="AddBusWindow.cpp">
      <Filter>Исходные файлы\ui</Filter>
    </ClCompile>
    <ClCompile Include="Button.cpp">
      <Filter>Исходные файлы\ui</Filter>
    </ClCompile>
    <ClCompile Include="MainWindow.cpp">
      <Filter>Исходные файлы\ui</Filter>
    </ClCompile>
    <ClCompile Include="RadioButtonList.cpp">
      <Filter>Исходные файлы\ui</Filter>
    </ClCompile>
    <ClCompile Include="ScrollableList.cpp">
      <Filter>Исходные файлы\ui</Filter>
    </ClCompile>
    <ClCompile Include="SendBusWindow.cpp">
      <Filter>Исходные файлы\ui</Filter>
    </ClCompile>
  </ItemGroup>
  <ItemGroup>
    <ClInclude Include="StateBusRepo.h">
      <Filter>Файлы заголовков\repos</Filter>
    </ClInclude>
    <ClInclude Include="DrivingBusRepo.h">
      <Filter>Файлы заголовков\repos</Filter>
    </ClInclude>
    <ClInclude Include="BusModel.h">
      <Filter>Файлы заголовков\models</Filter>
    </ClInclude>
    <ClInclude Include="Utils.h">
      <Filter>Файлы заголовков\utils</Filter>
    </ClInclude>
    <ClInclude Include="BusList.h">
      <Filter>Файлы заголовков\list</Filter>
    </ClInclude>
    <ClInclude Include="Manager.h">
      <Filter>Файлы заголовков\logic</Filter>
    </ClInclude>
    <ClInclude Include="Button.h">
      <Filter>Файлы заголовков\ui</Filter>
    </ClInclude>
    <ClInclude Include="MainWindow.h">
      <Filter>Файлы заголовков\ui</Filter>
    </ClInclude>
    <ClInclude Include="RadioButtonList.h">
      <Filter>Файлы заголовков\ui</Filter>
    </ClInclude>
    <ClInclude Include="ScrollableList.h">
      <Filter>Файлы заголовков\ui</Filter>
    </ClInclude>
    <ClInclude Include="SendBusWindow.h">
      <Filter>Файлы заголовков\ui</Filter>
    </ClInclude>
    <ClInclude Include="TextInput.h">
      <Filter>Файлы заголовков\ui</Filter>
    </ClInclude>
    <ClInclude Include="AddBusWindow.h">
      <Filter>Файлы заголовков\ui</Filter>
    </ClInclude>
  </ItemGroup>
  <ItemGroup>
    <Image Include="Texture\buttonTexture.png">
      <Filter>Файлы ресурсов</Filter>
    </Image>
  </ItemGroup>
  <ItemGroup>
    <Font Include="Fonts\Arial.ttf">
      <Filter>Файлы ресурсов</Filter>
    </Font>
  </ItemGroup>
</Project>